// !$*UTF8*$!
{
	archiveVersion = 1;
	classes = {
	};
	objectVersion = 50;
	objects = {

/* Begin PBXBuildFile section */
		FA62AA6A210FCFB8004D0799 /* ConditionViewController.swift in Sources */ = {isa = PBXBuildFile; fileRef = FA62AA69210FCFB8004D0799 /* ConditionViewController.swift */; };
		FA62AA6C210FD0B6004D0799 /* CatDiceViewController.swift in Sources */ = {isa = PBXBuildFile; fileRef = FA62AA6B210FD0B6004D0799 /* CatDiceViewController.swift */; };
		FA62AA6E210FD2D9004D0799 /* CatModel.swift in Sources */ = {isa = PBXBuildFile; fileRef = FA62AA6D210FD2D9004D0799 /* CatModel.swift */; };
		FA62AA70210FDD8E004D0799 /* CustomTabController.swift in Sources */ = {isa = PBXBuildFile; fileRef = FA62AA6F210FDD8E004D0799 /* CustomTabController.swift */; };
		FAA93A8D210CFF56009BAD0C /* AppDelegate.swift in Sources */ = {isa = PBXBuildFile; fileRef = FAA93A8C210CFF56009BAD0C /* AppDelegate.swift */; };
		FAA93A8F210CFF56009BAD0C /* BasicInfoViewController.swift in Sources */ = {isa = PBXBuildFile; fileRef = FAA93A8E210CFF56009BAD0C /* BasicInfoViewController.swift */; };
		FAA93A91210CFF56009BAD0C /* StoryViewController.swift in Sources */ = {isa = PBXBuildFile; fileRef = FAA93A90210CFF56009BAD0C /* StoryViewController.swift */; };
		FAA93A94210CFF56009BAD0C /* Main.storyboard in Resources */ = {isa = PBXBuildFile; fileRef = FAA93A92210CFF56009BAD0C /* Main.storyboard */; };
		FAA93A96210CFF58009BAD0C /* Assets.xcassets in Resources */ = {isa = PBXBuildFile; fileRef = FAA93A95210CFF58009BAD0C /* Assets.xcassets */; };
		FAA93A99210CFF58009BAD0C /* LaunchScreen.storyboard in Resources */ = {isa = PBXBuildFile; fileRef = FAA93A97210CFF58009BAD0C /* LaunchScreen.storyboard */; };
		FAA93AA4210CFF58009BAD0C /* CallOfCatthulhuCharacterSheetTests.swift in Sources */ = {isa = PBXBuildFile; fileRef = FAA93AA3210CFF58009BAD0C /* CallOfCatthulhuCharacterSheetTests.swift */; };
		FAA93AAF210CFF58009BAD0C /* CallOfCatthulhuCharacterSheetUITests.swift in Sources */ = {isa = PBXBuildFile; fileRef = FAA93AAE210CFF58009BAD0C /* CallOfCatthulhuCharacterSheetUITests.swift */; };
		FAFD92A021167D16005004E5 /* roll.mp3 in Resources */ = {isa = PBXBuildFile; fileRef = FAFD929F21167D16005004E5 /* roll.mp3 */; };
/* End PBXBuildFile section */

/* Begin PBXContainerItemProxy section */
		FAA93AA0210CFF58009BAD0C /* PBXContainerItemProxy */ = {
			isa = PBXContainerItemProxy;
			containerPortal = FAA93A81210CFF56009BAD0C /* Project object */;
			proxyType = 1;
			remoteGlobalIDString = FAA93A88210CFF56009BAD0C;
			remoteInfo = CallOfCatthulhuCharacterSheet;
		};
		FAA93AAB210CFF58009BAD0C /* PBXContainerItemProxy */ = {
			isa = PBXContainerItemProxy;
			containerPortal = FAA93A81210CFF56009BAD0C /* Project object */;
			proxyType = 1;
			remoteGlobalIDString = FAA93A88210CFF56009BAD0C;
			remoteInfo = CallOfCatthulhuCharacterSheet;
		};
/* End PBXContainerItemProxy section */

/* Begin PBXFileReference section */
		FA62AA69210FCFB8004D0799 /* ConditionViewController.swift */ = {isa = PBXFileReference; lastKnownFileType = sourcecode.swift; path = ConditionViewController.swift; sourceTree = "<group>"; };
		FA62AA6B210FD0B6004D0799 /* CatDiceViewController.swift */ = {isa = PBXFileReference; lastKnownFileType = sourcecode.swift; path = CatDiceViewController.swift; sourceTree = "<group>"; };
		FA62AA6D210FD2D9004D0799 /* CatModel.swift */ = {isa = PBXFileReference; lastKnownFileType = sourcecode.swift; path = CatModel.swift; sourceTree = "<group>"; };
		FA62AA6F210FDD8E004D0799 /* CustomTabController.swift */ = {isa = PBXFileReference; lastKnownFileType = sourcecode.swift; path = CustomTabController.swift; sourceTree = "<group>"; };
		FAA93A89210CFF56009BAD0C /* CallOfCatthulhuCharacterSheet.app */ = {isa = PBXFileReference; explicitFileType = wrapper.application; includeInIndex = 0; path = CallOfCatthulhuCharacterSheet.app; sourceTree = BUILT_PRODUCTS_DIR; };
		FAA93A8C210CFF56009BAD0C /* AppDelegate.swift */ = {isa = PBXFileReference; lastKnownFileType = sourcecode.swift; path = AppDelegate.swift; sourceTree = "<group>"; };
		FAA93A8E210CFF56009BAD0C /* BasicInfoViewController.swift */ = {isa = PBXFileReference; lastKnownFileType = sourcecode.swift; path = BasicInfoViewController.swift; sourceTree = "<group>"; };
		FAA93A90210CFF56009BAD0C /* StoryViewController.swift */ = {isa = PBXFileReference; lastKnownFileType = sourcecode.swift; path = StoryViewController.swift; sourceTree = "<group>"; };
		FAA93A93210CFF56009BAD0C /* Base */ = {isa = PBXFileReference; lastKnownFileType = file.storyboard; name = Base; path = Base.lproj/Main.storyboard; sourceTree = "<group>"; };
		FAA93A95210CFF58009BAD0C /* Assets.xcassets */ = {isa = PBXFileReference; lastKnownFileType = folder.assetcatalog; path = Assets.xcassets; sourceTree = "<group>"; };
		FAA93A98210CFF58009BAD0C /* Base */ = {isa = PBXFileReference; lastKnownFileType = file.storyboard; name = Base; path = Base.lproj/LaunchScreen.storyboard; sourceTree = "<group>"; };
		FAA93A9A210CFF58009BAD0C /* Info.plist */ = {isa = PBXFileReference; lastKnownFileType = text.plist.xml; path = Info.plist; sourceTree = "<group>"; };
		FAA93A9F210CFF58009BAD0C /* CallOfCatthulhuCharacterSheetTests.xctest */ = {isa = PBXFileReference; explicitFileType = wrapper.cfbundle; includeInIndex = 0; path = CallOfCatthulhuCharacterSheetTests.xctest; sourceTree = BUILT_PRODUCTS_DIR; };
		FAA93AA3210CFF58009BAD0C /* CallOfCatthulhuCharacterSheetTests.swift */ = {isa = PBXFileReference; lastKnownFileType = sourcecode.swift; path = CallOfCatthulhuCharacterSheetTests.swift; sourceTree = "<group>"; };
		FAA93AA5210CFF58009BAD0C /* Info.plist */ = {isa = PBXFileReference; lastKnownFileType = text.plist.xml; path = Info.plist; sourceTree = "<group>"; };
		FAA93AAA210CFF58009BAD0C /* CallOfCatthulhuCharacterSheetUITests.xctest */ = {isa = PBXFileReference; explicitFileType = wrapper.cfbundle; includeInIndex = 0; path = CallOfCatthulhuCharacterSheetUITests.xctest; sourceTree = BUILT_PRODUCTS_DIR; };
		FAA93AAE210CFF58009BAD0C /* CallOfCatthulhuCharacterSheetUITests.swift */ = {isa = PBXFileReference; lastKnownFileType = sourcecode.swift; path = CallOfCatthulhuCharacterSheetUITests.swift; sourceTree = "<group>"; };
		FAA93AB0210CFF58009BAD0C /* Info.plist */ = {isa = PBXFileReference; lastKnownFileType = text.plist.xml; path = Info.plist; sourceTree = "<group>"; };
		FAFD929F21167D16005004E5 /* roll.mp3 */ = {isa = PBXFileReference; lastKnownFileType = audio.mp3; path = roll.mp3; sourceTree = "<group>"; };
/* End PBXFileReference section */

/* Begin PBXFrameworksBuildPhase section */
		FAA93A86210CFF56009BAD0C /* Frameworks */ = {
			isa = PBXFrameworksBuildPhase;
			buildActionMask = 2147483647;
			files = (
			);
			runOnlyForDeploymentPostprocessing = 0;
		};
		FAA93A9C210CFF58009BAD0C /* Frameworks */ = {
			isa = PBXFrameworksBuildPhase;
			buildActionMask = 2147483647;
			files = (
			);
			runOnlyForDeploymentPostprocessing = 0;
		};
		FAA93AA7210CFF58009BAD0C /* Frameworks */ = {
			isa = PBXFrameworksBuildPhase;
			buildActionMask = 2147483647;
			files = (
			);
			runOnlyForDeploymentPostprocessing = 0;
		};
/* End PBXFrameworksBuildPhase section */

/* Begin PBXGroup section */
		FAA93A80210CFF56009BAD0C = {
			isa = PBXGroup;
			children = (
				FAA93A8B210CFF56009BAD0C /* CallOfCatthulhuCharacterSheet */,
				FAA93AA2210CFF58009BAD0C /* CallOfCatthulhuCharacterSheetTests */,
				FAA93AAD210CFF58009BAD0C /* CallOfCatthulhuCharacterSheetUITests */,
				FAA93A8A210CFF56009BAD0C /* Products */,
			);
			sourceTree = "<group>";
		};
		FAA93A8A210CFF56009BAD0C /* Products */ = {
			isa = PBXGroup;
			children = (
				FAA93A89210CFF56009BAD0C /* CallOfCatthulhuCharacterSheet.app */,
				FAA93A9F210CFF58009BAD0C /* CallOfCatthulhuCharacterSheetTests.xctest */,
				FAA93AAA210CFF58009BAD0C /* CallOfCatthulhuCharacterSheetUITests.xctest */,
			);
			name = Products;
			sourceTree = "<group>";
		};
		FAA93A8B210CFF56009BAD0C /* CallOfCatthulhuCharacterSheet */ = {
			isa = PBXGroup;
			children = (
				FAA93A8C210CFF56009BAD0C /* AppDelegate.swift */,
				FAA93A8E210CFF56009BAD0C /* BasicInfoViewController.swift */,
				FAA93A90210CFF56009BAD0C /* StoryViewController.swift */,
				FAA93A92210CFF56009BAD0C /* Main.storyboard */,
				FAA93A95210CFF58009BAD0C /* Assets.xcassets */,
				FAFD929F21167D16005004E5 /* roll.mp3 */,
				FAA93A97210CFF58009BAD0C /* LaunchScreen.storyboard */,
				FAA93A9A210CFF58009BAD0C /* Info.plist */,
				FA62AA69210FCFB8004D0799 /* ConditionViewController.swift */,
				FA62AA6B210FD0B6004D0799 /* CatDiceViewController.swift */,
				FA62AA6D210FD2D9004D0799 /* CatModel.swift */,
				FA62AA6F210FDD8E004D0799 /* CustomTabController.swift */,
			);
			path = CallOfCatthulhuCharacterSheet;
			sourceTree = "<group>";
		};
		FAA93AA2210CFF58009BAD0C /* CallOfCatthulhuCharacterSheetTests */ = {
			isa = PBXGroup;
			children = (
				FAA93AA3210CFF58009BAD0C /* CallOfCatthulhuCharacterSheetTests.swift */,
				FAA93AA5210CFF58009BAD0C /* Info.plist */,
			);
			path = CallOfCatthulhuCharacterSheetTests;
			sourceTree = "<group>";
		};
		FAA93AAD210CFF58009BAD0C /* CallOfCatthulhuCharacterSheetUITests */ = {
			isa = PBXGroup;
			children = (
				FAA93AAE210CFF58009BAD0C /* CallOfCatthulhuCharacterSheetUITests.swift */,
				FAA93AB0210CFF58009BAD0C /* Info.plist */,
			);
			path = CallOfCatthulhuCharacterSheetUITests;
			sourceTree = "<group>";
		};
/* End PBXGroup section */

/* Begin PBXNativeTarget section */
		FAA93A88210CFF56009BAD0C /* CallOfCatthulhuCharacterSheet */ = {
			isa = PBXNativeTarget;
			buildConfigurationList = FAA93AB3210CFF58009BAD0C /* Build configuration list for PBXNativeTarget "CallOfCatthulhuCharacterSheet" */;
			buildPhases = (
				FAA93A85210CFF56009BAD0C /* Sources */,
				FAA93A86210CFF56009BAD0C /* Frameworks */,
				FAA93A87210CFF56009BAD0C /* Resources */,
			);
			buildRules = (
			);
			dependencies = (
			);
			name = CallOfCatthulhuCharacterSheet;
			productName = CallOfCatthulhuCharacterSheet;
			productReference = FAA93A89210CFF56009BAD0C /* CallOfCatthulhuCharacterSheet.app */;
			productType = "com.apple.product-type.application";
		};
		FAA93A9E210CFF58009BAD0C /* CallOfCatthulhuCharacterSheetTests */ = {
			isa = PBXNativeTarget;
			buildConfigurationList = FAA93AB6210CFF58009BAD0C /* Build configuration list for PBXNativeTarget "CallOfCatthulhuCharacterSheetTests" */;
			buildPhases = (
				FAA93A9B210CFF58009BAD0C /* Sources */,
				FAA93A9C210CFF58009BAD0C /* Frameworks */,
				FAA93A9D210CFF58009BAD0C /* Resources */,
			);
			buildRules = (
			);
			dependencies = (
				FAA93AA1210CFF58009BAD0C /* PBXTargetDependency */,
			);
			name = CallOfCatthulhuCharacterSheetTests;
			productName = CallOfCatthulhuCharacterSheetTests;
			productReference = FAA93A9F210CFF58009BAD0C /* CallOfCatthulhuCharacterSheetTests.xctest */;
			productType = "com.apple.product-type.bundle.unit-test";
		};
		FAA93AA9210CFF58009BAD0C /* CallOfCatthulhuCharacterSheetUITests */ = {
			isa = PBXNativeTarget;
			buildConfigurationList = FAA93AB9210CFF58009BAD0C /* Build configuration list for PBXNativeTarget "CallOfCatthulhuCharacterSheetUITests" */;
			buildPhases = (
				FAA93AA6210CFF58009BAD0C /* Sources */,
				FAA93AA7210CFF58009BAD0C /* Frameworks */,
				FAA93AA8210CFF58009BAD0C /* Resources */,
			);
			buildRules = (
			);
			dependencies = (
				FAA93AAC210CFF58009BAD0C /* PBXTargetDependency */,
			);
			name = CallOfCatthulhuCharacterSheetUITests;
			productName = CallOfCatthulhuCharacterSheetUITests;
			productReference = FAA93AAA210CFF58009BAD0C /* CallOfCatthulhuCharacterSheetUITests.xctest */;
			productType = "com.apple.product-type.bundle.ui-testing";
		};
/* End PBXNativeTarget section */

/* Begin PBXProject section */
		FAA93A81210CFF56009BAD0C /* Project object */ = {
			isa = PBXProject;
			attributes = {
				LastSwiftUpdateCheck = 0940;
				LastUpgradeCheck = 0940;
				ORGANIZATIONNAME = AlexDaigre;
				TargetAttributes = {
					FAA93A88210CFF56009BAD0C = {
						CreatedOnToolsVersion = 9.4.1;
					};
					FAA93A9E210CFF58009BAD0C = {
						CreatedOnToolsVersion = 9.4.1;
						TestTargetID = FAA93A88210CFF56009BAD0C;
					};
					FAA93AA9210CFF58009BAD0C = {
						CreatedOnToolsVersion = 9.4.1;
						TestTargetID = FAA93A88210CFF56009BAD0C;
					};
				};
			};
			buildConfigurationList = FAA93A84210CFF56009BAD0C /* Build configuration list for PBXProject "CallOfCatthulhuCharacterSheet" */;
			compatibilityVersion = "Xcode 9.3";
			developmentRegion = en;
			hasScannedForEncodings = 0;
			knownRegions = (
				en,
				Base,
			);
			mainGroup = FAA93A80210CFF56009BAD0C;
			productRefGroup = FAA93A8A210CFF56009BAD0C /* Products */;
			projectDirPath = "";
			projectRoot = "";
			targets = (
				FAA93A88210CFF56009BAD0C /* CallOfCatthulhuCharacterSheet */,
				FAA93A9E210CFF58009BAD0C /* CallOfCatthulhuCharacterSheetTests */,
				FAA93AA9210CFF58009BAD0C /* CallOfCatthulhuCharacterSheetUITests */,
			);
		};
/* End PBXProject section */

/* Begin PBXResourcesBuildPhase section */
		FAA93A87210CFF56009BAD0C /* Resources */ = {
			isa = PBXResourcesBuildPhase;
			buildActionMask = 2147483647;
			files = (
				FAA93A99210CFF58009BAD0C /* LaunchScreen.storyboard in Resources */,
				FAA93A96210CFF58009BAD0C /* Assets.xcassets in Resources */,
				FAFD92A021167D16005004E5 /* roll.mp3 in Resources */,
				FAA93A94210CFF56009BAD0C /* Main.storyboard in Resources */,
			);
			runOnlyForDeploymentPostprocessing = 0;
		};
		FAA93A9D210CFF58009BAD0C /* Resources */ = {
			isa = PBXResourcesBuildPhase;
			buildActionMask = 2147483647;
			files = (
			);
			runOnlyForDeploymentPostprocessing = 0;
		};
		FAA93AA8210CFF58009BAD0C /* Resources */ = {
			isa = PBXResourcesBuildPhase;
			buildActionMask = 2147483647;
			files = (
			);
			runOnlyForDeploymentPostprocessing = 0;
		};
/* End PBXResourcesBuildPhase section */

/* Begin PBXSourcesBuildPhase section */
		FAA93A85210CFF56009BAD0C /* Sources */ = {
			isa = PBXSourcesBuildPhase;
			buildActionMask = 2147483647;
			files = (
				FA62AA6E210FD2D9004D0799 /* CatModel.swift in Sources */,
				FA62AA70210FDD8E004D0799 /* CustomTabController.swift in Sources */,
				FAA93A91210CFF56009BAD0C /* StoryViewController.swift in Sources */,
				FAA93A8D210CFF56009BAD0C /* AppDelegate.swift in Sources */,
				FA62AA6A210FCFB8004D0799 /* ConditionViewController.swift in Sources */,
				FA62AA6C210FD0B6004D0799 /* CatDiceViewController.swift in Sources */,
				FAA93A8F210CFF56009BAD0C /* BasicInfoViewController.swift in Sources */,
			);
			runOnlyForDeploymentPostprocessing = 0;
		};
		FAA93A9B210CFF58009BAD0C /* Sources */ = {
			isa = PBXSourcesBuildPhase;
			buildActionMask = 2147483647;
			files = (
				FAA93AA4210CFF58009BAD0C /* CallOfCatthulhuCharacterSheetTests.swift in Sources */,
			);
			runOnlyForDeploymentPostprocessing = 0;
		};
		FAA93AA6210CFF58009BAD0C /* Sources */ = {
			isa = PBXSourcesBuildPhase;
			buildActionMask = 2147483647;
			files = (
				FAA93AAF210CFF58009BAD0C /* CallOfCatthulhuCharacterSheetUITests.swift in Sources */,
			);
			runOnlyForDeploymentPostprocessing = 0;
		};
/* End PBXSourcesBuildPhase section */

/* Begin PBXTargetDependency section */
		FAA93AA1210CFF58009BAD0C /* PBXTargetDependency */ = {
			isa = PBXTargetDependency;
			target = FAA93A88210CFF56009BAD0C /* CallOfCatthulhuCharacterSheet */;
			targetProxy = FAA93AA0210CFF58009BAD0C /* PBXContainerItemProxy */;
		};
		FAA93AAC210CFF58009BAD0C /* PBXTargetDependency */ = {
			isa = PBXTargetDependency;
			target = FAA93A88210CFF56009BAD0C /* CallOfCatthulhuCharacterSheet */;
			targetProxy = FAA93AAB210CFF58009BAD0C /* PBXContainerItemProxy */;
		};
/* End PBXTargetDependency section */

/* Begin PBXVariantGroup section */
		FAA93A92210CFF56009BAD0C /* Main.storyboard */ = {
			isa = PBXVariantGroup;
			children = (
				FAA93A93210CFF56009BAD0C /* Base */,
			);
			name = Main.storyboard;
			sourceTree = "<group>";
		};
		FAA93A97210CFF58009BAD0C /* LaunchScreen.storyboard */ = {
			isa = PBXVariantGroup;
			children = (
				FAA93A98210CFF58009BAD0C /* Base */,
			);
			name = LaunchScreen.storyboard;
			sourceTree = "<group>";
		};
/* End PBXVariantGroup section */

/* Begin XCBuildConfiguration section */
		FAA93AB1210CFF58009BAD0C /* Debug */ = {
			isa = XCBuildConfiguration;
			buildSettings = {
				ALWAYS_SEARCH_USER_PATHS = NO;
				CLANG_ANALYZER_NONNULL = YES;
				CLANG_ANALYZER_NUMBER_OBJECT_CONVERSION = YES_AGGRESSIVE;
				CLANG_CXX_LANGUAGE_STANDARD = "gnu++14";
				CLANG_CXX_LIBRARY = "libc++";
				CLANG_ENABLE_MODULES = YES;
				CLANG_ENABLE_OBJC_ARC = YES;
				CLANG_ENABLE_OBJC_WEAK = YES;
				CLANG_WARN_BLOCK_CAPTURE_AUTORELEASING = YES;
				CLANG_WARN_BOOL_CONVERSION = YES;
				CLANG_WARN_COMMA = YES;
				CLANG_WARN_CONSTANT_CONVERSION = YES;
				CLANG_WARN_DEPRECATED_OBJC_IMPLEMENTATIONS = YES;
				CLANG_WARN_DIRECT_OBJC_ISA_USAGE = YES_ERROR;
				CLANG_WARN_DOCUMENTATION_COMMENTS = YES;
				CLANG_WARN_EMPTY_BODY = YES;
				CLANG_WARN_ENUM_CONVERSION = YES;
				CLANG_WARN_INFINITE_RECURSION = YES;
				CLANG_WARN_INT_CONVERSION = YES;
				CLANG_WARN_NON_LITERAL_NULL_CONVERSION = YES;
				CLANG_WARN_OBJC_IMPLICIT_RETAIN_SELF = YES;
				CLANG_WARN_OBJC_LITERAL_CONVERSION = YES;
				CLANG_WARN_OBJC_ROOT_CLASS = YES_ERROR;
				CLANG_WARN_RANGE_LOOP_ANALYSIS = YES;
				CLANG_WARN_STRICT_PROTOTYPES = YES;
				CLANG_WARN_SUSPICIOUS_MOVE = YES;
				CLANG_WARN_UNGUARDED_AVAILABILITY = YES_AGGRESSIVE;
				CLANG_WARN_UNREACHABLE_CODE = YES;
				CLANG_WARN__DUPLICATE_METHOD_MATCH = YES;
				CODE_SIGN_IDENTITY = "iPhone Developer";
				COPY_PHASE_STRIP = NO;
				DEBUG_INFORMATION_FORMAT = dwarf;
				ENABLE_STRICT_OBJC_MSGSEND = YES;
				ENABLE_TESTABILITY = YES;
				GCC_C_LANGUAGE_STANDARD = gnu11;
				GCC_DYNAMIC_NO_PIC = NO;
				GCC_NO_COMMON_BLOCKS = YES;
				GCC_OPTIMIZATION_LEVEL = 0;
				GCC_PREPROCESSOR_DEFINITIONS = (
					"DEBUG=1",
					"$(inherited)",
				);
				GCC_WARN_64_TO_32_BIT_CONVERSION = YES;
				GCC_WARN_ABOUT_RETURN_TYPE = YES_ERROR;
				GCC_WARN_UNDECLARED_SELECTOR = YES;
				GCC_WARN_UNINITIALIZED_AUTOS = YES_AGGRESSIVE;
				GCC_WARN_UNUSED_FUNCTION = YES;
				GCC_WARN_UNUSED_VARIABLE = YES;
				IPHONEOS_DEPLOYMENT_TARGET = 11.4;
				MTL_ENABLE_DEBUG_INFO = YES;
				ONLY_ACTIVE_ARCH = YES;
				SDKROOT = iphoneos;
				SWIFT_ACTIVE_COMPILATION_CONDITIONS = DEBUG;
				SWIFT_OPTIMIZATION_LEVEL = "-Onone";
			};
			name = Debug;
		};
		FAA93AB2210CFF58009BAD0C /* Release */ = {
			isa = XCBuildConfiguration;
			buildSettings = {
				ALWAYS_SEARCH_USER_PATHS = NO;
				CLANG_ANALYZER_NONNULL = YES;
				CLANG_ANALYZER_NUMBER_OBJECT_CONVERSION = YES_AGGRESSIVE;
				CLANG_CXX_LANGUAGE_STANDARD = "gnu++14";
				CLANG_CXX_LIBRARY = "libc++";
				CLANG_ENABLE_MODULES = YES;
				CLANG_ENABLE_OBJC_ARC = YES;
				CLANG_ENABLE_OBJC_WEAK = YES;
				CLANG_WARN_BLOCK_CAPTURE_AUTORELEASING = YES;
				CLANG_WARN_BOOL_CONVERSION = YES;
				CLANG_WARN_COMMA = YES;
				CLANG_WARN_CONSTANT_CONVERSION = YES;
				CLANG_WARN_DEPRECATED_OBJC_IMPLEMENTATIONS = YES;
				CLANG_WARN_DIRECT_OBJC_ISA_USAGE = YES_ERROR;
				CLANG_WARN_DOCUMENTATION_COMMENTS = YES;
				CLANG_WARN_EMPTY_BODY = YES;
				CLANG_WARN_ENUM_CONVERSION = YES;
				CLANG_WARN_INFINITE_RECURSION = YES;
				CLANG_WARN_INT_CONVERSION = YES;
				CLANG_WARN_NON_LITERAL_NULL_CONVERSION = YES;
				CLANG_WARN_OBJC_IMPLICIT_RETAIN_SELF = YES;
				CLANG_WARN_OBJC_LITERAL_CONVERSION = YES;
				CLANG_WARN_OBJC_ROOT_CLASS = YES_ERROR;
				CLANG_WARN_RANGE_LOOP_ANALYSIS = YES;
				CLANG_WARN_STRICT_PROTOTYPES = YES;
				CLANG_WARN_SUSPICIOUS_MOVE = YES;
				CLANG_WARN_UNGUARDED_AVAILABILITY = YES_AGGRESSIVE;
				CLANG_WARN_UNREACHABLE_CODE = YES;
				CLANG_WARN__DUPLICATE_METHOD_MATCH = YES;
				CODE_SIGN_IDENTITY = "iPhone Developer";
				COPY_PHASE_STRIP = NO;
				DEBUG_INFORMATION_FORMAT = "dwarf-with-dsym";
				ENABLE_NS_ASSERTIONS = NO;
				ENABLE_STRICT_OBJC_MSGSEND = YES;
				GCC_C_LANGUAGE_STANDARD = gnu11;
				GCC_NO_COMMON_BLOCKS = YES;
				GCC_WARN_64_TO_32_BIT_CONVERSION = YES;
				GCC_WARN_ABOUT_RETURN_TYPE = YES_ERROR;
				GCC_WARN_UNDECLARED_SELECTOR = YES;
				GCC_WARN_UNINITIALIZED_AUTOS = YES_AGGRESSIVE;
				GCC_WARN_UNUSED_FUNCTION = YES;
				GCC_WARN_UNUSED_VARIABLE = YES;
				IPHONEOS_DEPLOYMENT_TARGET = 11.4;
				MTL_ENABLE_DEBUG_INFO = NO;
				SDKROOT = iphoneos;
				SWIFT_COMPILATION_MODE = wholemodule;
				SWIFT_OPTIMIZATION_LEVEL = "-O";
				VALIDATE_PRODUCT = YES;
			};
			name = Release;
		};
		FAA93AB4210CFF58009BAD0C /* Debug */ = {
			isa = XCBuildConfiguration;
			buildSettings = {
				ASSETCATALOG_COMPILER_APPICON_NAME = AppIcon;
				CODE_SIGN_STYLE = Automatic;
				INFOPLIST_FILE = CallOfCatthulhuCharacterSheet/Info.plist;
				LD_RUNPATH_SEARCH_PATHS = (
					"$(inherited)",
					"@executable_path/Frameworks",
				);
				PRODUCT_BUNDLE_IDENTIFIER = AlexDaigre.CallOfCatthulhuCharacterSheet;
				PRODUCT_NAME = "$(TARGET_NAME)";
				SWIFT_VERSION = 4.0;
				TARGETED_DEVICE_FAMILY = "1,2";
			};
			name = Debug;
		};
		FAA93AB5210CFF58009BAD0C /* Release */ = {
			isa = XCBuildConfiguration;
			buildSettings = {
				ASSETCATALOG_COMPILER_APPICON_NAME = AppIcon;
				CODE_SIGN_STYLE = Automatic;
				INFOPLIST_FILE = CallOfCatthulhuCharacterSheet/Info.plist;
				LD_RUNPATH_SEARCH_PATHS = (
					"$(inherited)",
					"@executable_path/Frameworks",
				);
				PRODUCT_BUNDLE_IDENTIFIER = AlexDaigre.CallOfCatthulhuCharacterSheet;
				PRODUCT_NAME = "$(TARGET_NAME)";
				SWIFT_VERSION = 4.0;
				TARGETED_DEVICE_FAMILY = "1,2";
			};
			name = Release;
		};
		FAA93AB7210CFF58009BAD0C /* Debug */ = {
			isa = XCBuildConfiguration;
			buildSettings = {
				ALWAYS_EMBED_SWIFT_STANDARD_LIBRARIES = YES;
				BUNDLE_LOADER = "$(TEST_HOST)";
				CODE_SIGN_STYLE = Automatic;
				INFOPLIST_FILE = CallOfCatthulhuCharacterSheetTests/Info.plist;
				LD_RUNPATH_SEARCH_PATHS = (
					"$(inherited)",
					"@executable_path/Frameworks",
					"@loader_path/Frameworks",
				);
				PRODUCT_BUNDLE_IDENTIFIER = AlexDaigre.CallOfCatthulhuCharacterSheetTests;
				PRODUCT_NAME = "$(TARGET_NAME)";
				SWIFT_VERSION = 4.0;
				TARGETED_DEVICE_FAMILY = "1,2";
				TEST_HOST = "$(BUILT_PRODUCTS_DIR)/CallOfCatthulhuCharacterSheet.app/CallOfCatthulhuCharacterSheet";
			};
			name = Debug;
		};
		FAA93AB8210CFF58009BAD0C /* Release */ = {
			isa = XCBuildConfiguration;
			buildSettings = {
				ALWAYS_EMBED_SWIFT_STANDARD_LIBRARIES = YES;
				BUNDLE_LOADER = "$(TEST_HOST)";
				CODE_SIGN_STYLE = Automatic;
				INFOPLIST_FILE = CallOfCatthulhuCharacterSheetTests/Info.plist;
				LD_RUNPATH_SEARCH_PATHS = (
					"$(inherited)",
					"@executable_path/Frameworks",
					"@loader_path/Frameworks",
				);
				PRODUCT_BUNDLE_IDENTIFIER = AlexDaigre.CallOfCatthulhuCharacterSheetTests;
				PRODUCT_NAME = "$(TARGET_NAME)";
				SWIFT_VERSION = 4.0;
				TARGETED_DEVICE_FAMILY = "1,2";
				TEST_HOST = "$(BUILT_PRODUCTS_DIR)/CallOfCatthulhuCharacterSheet.app/CallOfCatthulhuCharacterSheet";
			};
			name = Release;
		};
		FAA93ABA210CFF58009BAD0C /* Debug */ = {
			isa = XCBuildConfiguration;
			buildSettings = {
				ALWAYS_EMBED_SWIFT_STANDARD_LIBRARIES = YES;
				CODE_SIGN_STYLE = Automatic;
				INFOPLIST_FILE = CallOfCatthulhuCharacterSheetUITests/Info.plist;
				LD_RUNPATH_SEARCH_PATHS = (
					"$(inherited)",
					"@executable_path/Frameworks",
					"@loader_path/Frameworks",
				);
				PRODUCT_BUNDLE_IDENTIFIER = AlexDaigre.CallOfCatthulhuCharacterSheetUITests;
				PRODUCT_NAME = "$(TARGET_NAME)";
				SWIFT_VERSION = 4.0;
				TARGETED_DEVICE_FAMILY = "1,2";
				TEST_TARGET_NAME = CallOfCatthulhuCharacterSheet;
			};
			name = Debug;
		};
		FAA93ABB210CFF58009BAD0C /* Release */ = {
			isa = XCBuildConfiguration;
			buildSettings = {
				ALWAYS_EMBED_SWIFT_STANDARD_LIBRARIES = YES;
				CODE_SIGN_STYLE = Automatic;
				INFOPLIST_FILE = CallOfCatthulhuCharacterSheetUITests/Info.plist;
				LD_RUNPATH_SEARCH_PATHS = (
					"$(inherited)",
					"@executable_path/Frameworks",
					"@loader_path/Frameworks",
				);
				PRODUCT_BUNDLE_IDENTIFIER = AlexDaigre.CallOfCatthulhuCharacterSheetUITests;
				PRODUCT_NAME = "$(TARGET_NAME)";
				SWIFT_VERSION = 4.0;
				TARGETED_DEVICE_FAMILY = "1,2";
				TEST_TARGET_NAME = CallOfCatthulhuCharacterSheet;
			};
			name = Release;
		};
/* End XCBuildConfiguration section */

/* Begin XCConfigurationList section */
		FAA93A84210CFF56009BAD0C /* Build configuration list for PBXProject "CallOfCatthulhuCharacterSheet" */ = {
			isa = XCConfigurationList;
			buildConfigurations = (
				FAA93AB1210CFF58009BAD0C /* Debug */,
				FAA93AB2210CFF58009BAD0C /* Release */,
			);
			defaultConfigurationIsVisible = 0;
			defaultConfigurationName = Release;
		};
		FAA93AB3210CFF58009BAD0C /* Build configuration list for PBXNativeTarget "CallOfCatthulhuCharacterSheet" */ = {
			isa = XCConfigurationList;
			buildConfigurations = (
				FAA93AB4210CFF58009BAD0C /* Debug */,
				FAA93AB5210CFF58009BAD0C /* Release */,
			);
			defaultConfigurationIsVisible = 0;
			defaultConfigurationName = Release;
		};
		FAA93AB6210CFF58009BAD0C /* Build configuration list for PBXNativeTarget "CallOfCatthulhuCharacterSheetTests" */ = {
			isa = XCConfigurationList;
			buildConfigurations = (
				FAA93AB7210CFF58009BAD0C /* Debug */,
				FAA93AB8210CFF58009BAD0C /* Release */,
			);
			defaultConfigurationIsVisible = 0;
			defaultConfigurationName = Release;
		};
		FAA93AB9210CFF58009BAD0C /* Build configuration list for PBXNativeTarget "CallOfCatthulhuCharacterSheetUITests" */ = {
			isa = XCConfigurationList;
			buildConfigurations = (
				FAA93ABA210CFF58009BAD0C /* Debug */,
				FAA93ABB210CFF58009BAD0C /* Release */,
			);
			defaultConfigurationIsVisible = 0;
			defaultConfigurationName = Release;
		};
/* End XCConfigurationList section */
	};
	rootObject = FAA93A81210CFF56009BAD0C /* Project object */;
}
